
Microsoft Visual Studio Solution File, Format Version 12.00
# Visual Studio Version 17
VisualStudioVersion = 17.5.33414.496
MinimumVisualStudioVersion = 10.0.40219.1
Project("{FAE04EC0-301F-11D3-BF4B-00C04F79EFBC}") = "01.IO", "01.IO\01.IO.csproj", "{4AC077EB-392A-4323-95BB-3FAA731C34B2}"
EndProject
Project("{FAE04EC0-301F-11D3-BF4B-00C04F79EFBC}") = "02.IO", "02.IO\02.IO.csproj", "{C61DCF45-27F5-45CF-8A62-DAAE7F8786BD}"
EndProject
Project("{FAE04EC0-301F-11D3-BF4B-00C04F79EFBC}") = "03.IO", "03.IO\03.IO.csproj", "{FDAA539A-8DB4-4422-92C7-50110D8B92E1}"
EndProject
Project("{FAE04EC0-301F-11D3-BF4B-00C04F79EFBC}") = "04.IO", "04.IO\04.IO.csproj", "{EE30143B-6D11-4BE7-A30D-8DDAB36FB1EC}"
EndProject
Project("{FAE04EC0-301F-11D3-BF4B-00C04F79EFBC}") = "05.IO", "05.IO\05.IO.csproj", "{60320A8A-0E0C-4F2F-8346-373A65DF1095}"
EndProject
Project("{FAE04EC0-301F-11D3-BF4B-00C04F79EFBC}") = "06.IO", "06.IO\06.IO.csproj", "{599B97F7-1C4F-4CB3-A7F8-7A3A8D59DFE8}"
EndProject
Project("{FAE04EC0-301F-11D3-BF4B-00C04F79EFBC}") = "07.IO", "07.IO\07.IO.csproj", "{85013936-849B-4167-AD0B-7BD26A51EC1C}"
EndProject
Project("{FAE04EC0-301F-11D3-BF4B-00C04F79EFBC}") = "08.IO", "08.IO\08.IO.csproj", "{508F68B1-D463-48DF-8BE1-E1F948613C58}"
EndProject
Project("{FAE04EC0-301F-11D3-BF4B-00C04F79EFBC}") = "09.IO", "09.IO\09.IO.csproj", "{42542FA6-E7F1-4E82-B866-CEC9D65823BE}"
EndProject
Project("{FAE04EC0-301F-11D3-BF4B-00C04F79EFBC}") = "10.IO", "10.IO\10.IO.csproj", "{AEA4A811-FD56-4441-8387-8F8E217F080E}"
EndProject
Project("{FAE04EC0-301F-11D3-BF4B-00C04F79EFBC}") = "11.IO", "11.IO\11.IO.csproj", "{C21523C6-9E8E-416B-B2F0-B2507C4AC433}"
EndProject
Project("{FAE04EC0-301F-11D3-BF4B-00C04F79EFBC}") = "12.IO", "12.IO\12.IO.csproj", "{6E8C7348-83A4-4432-ADB9-C8A53213C723}"
EndProject
Project("{FAE04EC0-301F-11D3-BF4B-00C04F79EFBC}") = "13.IO", "13.IO\13.IO.csproj", "{D5964600-332C-44B7-8787-E321EE662272}"
EndProject
Project("{FAE04EC0-301F-11D3-BF4B-00C04F79EFBC}") = "14.FileInfo", "14.FileInfo\14.FileInfo.csproj", "{311BAF4B-AD12-46F2-ABE3-7607A0324352}"
EndProject
Project("{FAE04EC0-301F-11D3-BF4B-00C04F79EFBC}") = "15.DriveInfo", "15.DriveInfo\15.DriveInfo.csproj", "{254C0C85-BCDD-4D00-A224-14CC737A6DAD}"
EndProject
Project("{FAE04EC0-301F-11D3-BF4B-00C04F79EFBC}") = "16.Path", "16.Path\16.Path.csproj", "{AD00D5B1-2234-46C0-A052-BA9D390B03CE}"
EndProject
Project("{FAE04EC0-301F-11D3-BF4B-00C04F79EFBC}") = "17.FileSystemWatcher", "17.FileSystemWatcher\17.FileSystemWatcher.csproj", "{34CE2EE6-3DDA-4DAD-8CF6-EAC6611BF61D}"
EndProject
Project("{FAE04EC0-301F-11D3-BF4B-00C04F79EFBC}") = "18.StreamReader", "18.StreamReader\18.StreamReader.csproj", "{3CCDEE56-10FC-4A1A-BB18-A541F1C60042}"
EndProject
Project("{FAE04EC0-301F-11D3-BF4B-00C04F79EFBC}") = "19.StringReader", "19.StringReader\19.StringReader.csproj", "{AAA163B1-A661-4B9D-85B8-51A84F76F8C8}"
EndProject
Project("{FAE04EC0-301F-11D3-BF4B-00C04F79EFBC}") = "20.StringWriter", "20.StringWriter\20.StringWriter.csproj", "{66407C5D-D992-495A-AD9D-07C86482D606}"
EndProject
Project("{FAE04EC0-301F-11D3-BF4B-00C04F79EFBC}") = "21.Using", "21.Using\21.Using.csproj", "{C8795EE8-A795-494D-8F91-0749C9243161}"
EndProject
Global
	GlobalSection(SolutionConfigurationPlatforms) = preSolution
		Debug|Any CPU = Debug|Any CPU
		Release|Any CPU = Release|Any CPU
	EndGlobalSection
	GlobalSection(ProjectConfigurationPlatforms) = postSolution
		{4AC077EB-392A-4323-95BB-3FAA731C34B2}.Debug|Any CPU.ActiveCfg = Debug|Any CPU
		{4AC077EB-392A-4323-95BB-3FAA731C34B2}.Debug|Any CPU.Build.0 = Debug|Any CPU
		{4AC077EB-392A-4323-95BB-3FAA731C34B2}.Release|Any CPU.ActiveCfg = Release|Any CPU
		{4AC077EB-392A-4323-95BB-3FAA731C34B2}.Release|Any CPU.Build.0 = Release|Any CPU
		{C61DCF45-27F5-45CF-8A62-DAAE7F8786BD}.Debug|Any CPU.ActiveCfg = Debug|Any CPU
		{C61DCF45-27F5-45CF-8A62-DAAE7F8786BD}.Debug|Any CPU.Build.0 = Debug|Any CPU
		{C61DCF45-27F5-45CF-8A62-DAAE7F8786BD}.Release|Any CPU.ActiveCfg = Release|Any CPU
		{C61DCF45-27F5-45CF-8A62-DAAE7F8786BD}.Release|Any CPU.Build.0 = Release|Any CPU
		{FDAA539A-8DB4-4422-92C7-50110D8B92E1}.Debug|Any CPU.ActiveCfg = Debug|Any CPU
		{FDAA539A-8DB4-4422-92C7-50110D8B92E1}.Debug|Any CPU.Build.0 = Debug|Any CPU
		{FDAA539A-8DB4-4422-92C7-50110D8B92E1}.Release|Any CPU.ActiveCfg = Release|Any CPU
		{FDAA539A-8DB4-4422-92C7-50110D8B92E1}.Release|Any CPU.Build.0 = Release|Any CPU
		{EE30143B-6D11-4BE7-A30D-8DDAB36FB1EC}.Debug|Any CPU.ActiveCfg = Debug|Any CPU
		{EE30143B-6D11-4BE7-A30D-8DDAB36FB1EC}.Debug|Any CPU.Build.0 = Debug|Any CPU
		{EE30143B-6D11-4BE7-A30D-8DDAB36FB1EC}.Release|Any CPU.ActiveCfg = Release|Any CPU
		{EE30143B-6D11-4BE7-A30D-8DDAB36FB1EC}.Release|Any CPU.Build.0 = Release|Any CPU
		{60320A8A-0E0C-4F2F-8346-373A65DF1095}.Debug|Any CPU.ActiveCfg = Debug|Any CPU
		{60320A8A-0E0C-4F2F-8346-373A65DF1095}.Debug|Any CPU.Build.0 = Debug|Any CPU
		{60320A8A-0E0C-4F2F-8346-373A65DF1095}.Release|Any CPU.ActiveCfg = Release|Any CPU
		{60320A8A-0E0C-4F2F-8346-373A65DF1095}.Release|Any CPU.Build.0 = Release|Any CPU
		{599B97F7-1C4F-4CB3-A7F8-7A3A8D59DFE8}.Debug|Any CPU.ActiveCfg = Debug|Any CPU
		{599B97F7-1C4F-4CB3-A7F8-7A3A8D59DFE8}.Debug|Any CPU.Build.0 = Debug|Any CPU
		{599B97F7-1C4F-4CB3-A7F8-7A3A8D59DFE8}.Release|Any CPU.ActiveCfg = Release|Any CPU
		{599B97F7-1C4F-4CB3-A7F8-7A3A8D59DFE8}.Release|Any CPU.Build.0 = Release|Any CPU
		{85013936-849B-4167-AD0B-7BD26A51EC1C}.Debug|Any CPU.ActiveCfg = Debug|Any CPU
		{85013936-849B-4167-AD0B-7BD26A51EC1C}.Debug|Any CPU.Build.0 = Debug|Any CPU
		{85013936-849B-4167-AD0B-7BD26A51EC1C}.Release|Any CPU.ActiveCfg = Release|Any CPU
		{85013936-849B-4167-AD0B-7BD26A51EC1C}.Release|Any CPU.Build.0 = Release|Any CPU
		{508F68B1-D463-48DF-8BE1-E1F948613C58}.Debug|Any CPU.ActiveCfg = Debug|Any CPU
		{508F68B1-D463-48DF-8BE1-E1F948613C58}.Debug|Any CPU.Build.0 = Debug|Any CPU
		{508F68B1-D463-48DF-8BE1-E1F948613C58}.Release|Any CPU.ActiveCfg = Release|Any CPU
		{508F68B1-D463-48DF-8BE1-E1F948613C58}.Release|Any CPU.Build.0 = Release|Any CPU
		{42542FA6-E7F1-4E82-B866-CEC9D65823BE}.Debug|Any CPU.ActiveCfg = Debug|Any CPU
		{42542FA6-E7F1-4E82-B866-CEC9D65823BE}.Debug|Any CPU.Build.0 = Debug|Any CPU
		{42542FA6-E7F1-4E82-B866-CEC9D65823BE}.Release|Any CPU.ActiveCfg = Release|Any CPU
		{42542FA6-E7F1-4E82-B866-CEC9D65823BE}.Release|Any CPU.Build.0 = Release|Any CPU
		{AEA4A811-FD56-4441-8387-8F8E217F080E}.Debug|Any CPU.ActiveCfg = Debug|Any CPU
		{AEA4A811-FD56-4441-8387-8F8E217F080E}.Debug|Any CPU.Build.0 = Debug|Any CPU
		{AEA4A811-FD56-4441-8387-8F8E217F080E}.Release|Any CPU.ActiveCfg = Release|Any CPU
		{AEA4A811-FD56-4441-8387-8F8E217F080E}.Release|Any CPU.Build.0 = Release|Any CPU
		{C21523C6-9E8E-416B-B2F0-B2507C4AC433}.Debug|Any CPU.ActiveCfg = Debug|Any CPU
		{C21523C6-9E8E-416B-B2F0-B2507C4AC433}.Debug|Any CPU.Build.0 = Debug|Any CPU
		{C21523C6-9E8E-416B-B2F0-B2507C4AC433}.Release|Any CPU.ActiveCfg = Release|Any CPU
		{C21523C6-9E8E-416B-B2F0-B2507C4AC433}.Release|Any CPU.Build.0 = Release|Any CPU
		{6E8C7348-83A4-4432-ADB9-C8A53213C723}.Debug|Any CPU.ActiveCfg = Debug|Any CPU
		{6E8C7348-83A4-4432-ADB9-C8A53213C723}.Debug|Any CPU.Build.0 = Debug|Any CPU
		{6E8C7348-83A4-4432-ADB9-C8A53213C723}.Release|Any CPU.ActiveCfg = Release|Any CPU
		{6E8C7348-83A4-4432-ADB9-C8A53213C723}.Release|Any CPU.Build.0 = Release|Any CPU
		{D5964600-332C-44B7-8787-E321EE662272}.Debug|Any CPU.ActiveCfg = Debug|Any CPU
		{D5964600-332C-44B7-8787-E321EE662272}.Debug|Any CPU.Build.0 = Debug|Any CPU
		{D5964600-332C-44B7-8787-E321EE662272}.Release|Any CPU.ActiveCfg = Release|Any CPU
		{D5964600-332C-44B7-8787-E321EE662272}.Release|Any CPU.Build.0 = Release|Any CPU
		{311BAF4B-AD12-46F2-ABE3-7607A0324352}.Debug|Any CPU.ActiveCfg = Debug|Any CPU
		{311BAF4B-AD12-46F2-ABE3-7607A0324352}.Debug|Any CPU.Build.0 = Debug|Any CPU
		{311BAF4B-AD12-46F2-ABE3-7607A0324352}.Release|Any CPU.ActiveCfg = Release|Any CPU
		{311BAF4B-AD12-46F2-ABE3-7607A0324352}.Release|Any CPU.Build.0 = Release|Any CPU
		{254C0C85-BCDD-4D00-A224-14CC737A6DAD}.Debug|Any CPU.ActiveCfg = Debug|Any CPU
		{254C0C85-BCDD-4D00-A224-14CC737A6DAD}.Debug|Any CPU.Build.0 = Debug|Any CPU
		{254C0C85-BCDD-4D00-A224-14CC737A6DAD}.Release|Any CPU.ActiveCfg = Release|Any CPU
		{254C0C85-BCDD-4D00-A224-14CC737A6DAD}.Release|Any CPU.Build.0 = Release|Any CPU
		{AD00D5B1-2234-46C0-A052-BA9D390B03CE}.Debug|Any CPU.ActiveCfg = Debug|Any CPU
		{AD00D5B1-2234-46C0-A052-BA9D390B03CE}.Debug|Any CPU.Build.0 = Debug|Any CPU
		{AD00D5B1-2234-46C0-A052-BA9D390B03CE}.Release|Any CPU.ActiveCfg = Release|Any CPU
		{AD00D5B1-2234-46C0-A052-BA9D390B03CE}.Release|Any CPU.Build.0 = Release|Any CPU
		{34CE2EE6-3DDA-4DAD-8CF6-EAC6611BF61D}.Debug|Any CPU.ActiveCfg = Debug|Any CPU
		{34CE2EE6-3DDA-4DAD-8CF6-EAC6611BF61D}.Debug|Any CPU.Build.0 = Debug|Any CPU
		{34CE2EE6-3DDA-4DAD-8CF6-EAC6611BF61D}.Release|Any CPU.ActiveCfg = Release|Any CPU
		{34CE2EE6-3DDA-4DAD-8CF6-EAC6611BF61D}.Release|Any CPU.Build.0 = Release|Any CPU
		{3CCDEE56-10FC-4A1A-BB18-A541F1C60042}.Debug|Any CPU.ActiveCfg = Debug|Any CPU
		{3CCDEE56-10FC-4A1A-BB18-A541F1C60042}.Debug|Any CPU.Build.0 = Debug|Any CPU
		{3CCDEE56-10FC-4A1A-BB18-A541F1C60042}.Release|Any CPU.ActiveCfg = Release|Any CPU
		{3CCDEE56-10FC-4A1A-BB18-A541F1C60042}.Release|Any CPU.Build.0 = Release|Any CPU
		{AAA163B1-A661-4B9D-85B8-51A84F76F8C8}.Debug|Any CPU.ActiveCfg = Debug|Any CPU
		{AAA163B1-A661-4B9D-85B8-51A84F76F8C8}.Debug|Any CPU.Build.0 = Debug|Any CPU
		{AAA163B1-A661-4B9D-85B8-51A84F76F8C8}.Release|Any CPU.ActiveCfg = Release|Any CPU
		{AAA163B1-A661-4B9D-85B8-51A84F76F8C8}.Release|Any CPU.Build.0 = Release|Any CPU
		{66407C5D-D992-495A-AD9D-07C86482D606}.Debug|Any CPU.ActiveCfg = Debug|Any CPU
		{66407C5D-D992-495A-AD9D-07C86482D606}.Debug|Any CPU.Build.0 = Debug|Any CPU
		{66407C5D-D992-495A-AD9D-07C86482D606}.Release|Any CPU.ActiveCfg = Release|Any CPU
		{66407C5D-D992-495A-AD9D-07C86482D606}.Release|Any CPU.Build.0 = Release|Any CPU
		{C8795EE8-A795-494D-8F91-0749C9243161}.Debug|Any CPU.ActiveCfg = Debug|Any CPU
		{C8795EE8-A795-494D-8F91-0749C9243161}.Debug|Any CPU.Build.0 = Debug|Any CPU
		{C8795EE8-A795-494D-8F91-0749C9243161}.Release|Any CPU.ActiveCfg = Release|Any CPU
		{C8795EE8-A795-494D-8F91-0749C9243161}.Release|Any CPU.Build.0 = Release|Any CPU
	EndGlobalSection
	GlobalSection(SolutionProperties) = preSolution
		HideSolutionNode = FALSE
	EndGlobalSection
	GlobalSection(ExtensibilityGlobals) = postSolution
		SolutionGuid = {DEECAFFB-75E2-4F74-A91D-F6718E38B4C0}
	EndGlobalSection
EndGlobal
